
Microsoft Visual Studio Solution File, Format Version 12.00
# Visual Studio Version 17
VisualStudioVersion = 17.7.34202.233
MinimumVisualStudioVersion = 10.0.40219.1
Project("{FAE04EC0-301F-11D3-BF4B-00C04F79EFBC}") = "aspNet", "aspNet.csproj", "{8F8EE49D-39B2-42FC-A791-02E8F2987866}"
EndProject
Global
	GlobalSection(SolutionConfigurationPlatforms) = preSolution
		Debug|Any CPU = Debug|Any CPU
		Release|Any CPU = Release|Any CPU
	EndGlobalSection
	GlobalSection(ProjectConfigurationPlatforms) = postSolution
		{8F8EE49D-39B2-42FC-A791-02E8F2987866}.Debug|Any CPU.ActiveCfg = Debug|Any CPU
		{8F8EE49D-39B2-42FC-A791-02E8F2987866}.Debug|Any CPU.Build.0 = Debug|Any CPU
		{8F8EE49D-39B2-42FC-A791-02E8F2987866}.Release|Any CPU.ActiveCfg = Release|Any CPU
		{8F8EE49D-39B2-42FC-A791-02E8F2987866}.Release|Any CPU.Build.0 = Release|Any CPU
	EndGlobalSection
	GlobalSection(SolutionProperties) = preSolution
		HideSolutionNode = FALSE
	EndGlobalSection
	GlobalSection(ExtensibilityGlobals) = postSolution
		SolutionGuid = {BF3FF44A-E70D-405A-8865-F29D6EB7466F}
	EndGlobalSection
EndGlobal
